
Microsoft Visual Studio Solution File, Format Version 12.00
# Visual Studio Version 16
VisualStudioVersion = 16.0.29503.13
MinimumVisualStudioVersion = 10.0.40219.1
Project("{888888A0-9F3D-457C-B088-3A5042F75D52}") = "ForDrills", "ForDrills\ForDrills.pyproj", "{DDAD5D91-B078-41A1-8D36-F3EF9980EBBB}"
EndProject
Global
	GlobalSection(SolutionConfigurationPlatforms) = preSolution
		Debug|Any CPU = Debug|Any CPU
		Release|Any CPU = Release|Any CPU
	EndGlobalSection
	GlobalSection(ProjectConfigurationPlatforms) = postSolution
		{DDAD5D91-B078-41A1-8D36-F3EF9980EBBB}.Debug|Any CPU.ActiveCfg = Debug|Any CPU
		{DDAD5D91-B078-41A1-8D36-F3EF9980EBBB}.Release|Any CPU.ActiveCfg = Release|Any CPU
	EndGlobalSection
	GlobalSection(SolutionProperties) = preSolution
		HideSolutionNode = FALSE
	EndGlobalSection
	GlobalSection(ExtensibilityGlobals) = postSolution
		SolutionGuid = {3842527A-F057-4E45-A889-E29F938C4677}
	EndGlobalSection
EndGlobal
